
Microsoft Visual Studio Solution File, Format Version 12.00
# Visual Studio 2013
VisualStudioVersion = 12.0.31101.0
MinimumVisualStudioVersion = 10.0.40219.1
Project("{FAE04EC0-301F-11D3-BF4B-00C04F79EFBC}") = "Triangle", "Triangle\Triangle.csproj", "{7B2FC6C3-59D1-40CF-9549-7D0DBE8F62E2}"
EndProject
Project("{FAE04EC0-301F-11D3-BF4B-00C04F79EFBC}") = "TriangleTests", "TriangleTests\TriangleTests.csproj", "{DDF0242D-BA4A-42E8-86A5-8D17877A8250}"
EndProject
Global
	GlobalSection(SolutionConfigurationPlatforms) = preSolution
		Debug|Any CPU = Debug|Any CPU
		Release|Any CPU = Release|Any CPU
	EndGlobalSection
	GlobalSection(ProjectConfigurationPlatforms) = postSolution
		{7B2FC6C3-59D1-40CF-9549-7D0DBE8F62E2}.Debug|Any CPU.ActiveCfg = Debug|Any CPU
		{7B2FC6C3-59D1-40CF-9549-7D0DBE8F62E2}.Debug|Any CPU.Build.0 = Debug|Any CPU
		{7B2FC6C3-59D1-40CF-9549-7D0DBE8F62E2}.Release|Any CPU.ActiveCfg = Release|Any CPU
		{7B2FC6C3-59D1-40CF-9549-7D0DBE8F62E2}.Release|Any CPU.Build.0 = Release|Any CPU
		{DDF0242D-BA4A-42E8-86A5-8D17877A8250}.Debug|Any CPU.ActiveCfg = Debug|Any CPU
		{DDF0242D-BA4A-42E8-86A5-8D17877A8250}.Debug|Any CPU.Build.0 = Debug|Any CPU
		{DDF0242D-BA4A-42E8-86A5-8D17877A8250}.Release|Any CPU.ActiveCfg = Release|Any CPU
		{DDF0242D-BA4A-42E8-86A5-8D17877A8250}.Release|Any CPU.Build.0 = Release|Any CPU
	EndGlobalSection
	GlobalSection(SolutionProperties) = preSolution
		HideSolutionNode = FALSE
	EndGlobalSection
EndGlobal
